
Microsoft Visual Studio Solution File, Format Version 12.00
# Visual Studio Version 16
VisualStudioVersion = 16.0.31613.86
MinimumVisualStudioVersion = 10.0.40219.1
Project("{9A19103F-16F7-4668-BE54-9A1E7A4F7556}") = "Creos.KafkaHelper", "Creos.KafkaHelper\Creos.KafkaHelper.csproj", "{AC7CF31F-6D02-4856-9A9D-D8793CE5224B}"
EndProject
Project("{FAE04EC0-301F-11D3-BF4B-00C04F79EFBC}") = "Creos.KafkaHelper.TestApp", "Creos.KafkaHelper.TestApp\Creos.KafkaHelper.TestApp.csproj", "{68435C06-77B5-4F1A-9885-1E02F95844FA}"
EndProject
Global
	GlobalSection(SolutionConfigurationPlatforms) = preSolution
		Debug|Any CPU = Debug|Any CPU
		Release|Any CPU = Release|Any CPU
	EndGlobalSection
	GlobalSection(ProjectConfigurationPlatforms) = postSolution
		{AC7CF31F-6D02-4856-9A9D-D8793CE5224B}.Debug|Any CPU.ActiveCfg = Debug|Any CPU
		{AC7CF31F-6D02-4856-9A9D-D8793CE5224B}.Debug|Any CPU.Build.0 = Debug|Any CPU
		{AC7CF31F-6D02-4856-9A9D-D8793CE5224B}.Release|Any CPU.ActiveCfg = Release|Any CPU
		{AC7CF31F-6D02-4856-9A9D-D8793CE5224B}.Release|Any CPU.Build.0 = Release|Any CPU
		{68435C06-77B5-4F1A-9885-1E02F95844FA}.Debug|Any CPU.ActiveCfg = Debug|Any CPU
		{68435C06-77B5-4F1A-9885-1E02F95844FA}.Debug|Any CPU.Build.0 = Debug|Any CPU
		{68435C06-77B5-4F1A-9885-1E02F95844FA}.Release|Any CPU.ActiveCfg = Release|Any CPU
		{68435C06-77B5-4F1A-9885-1E02F95844FA}.Release|Any CPU.Build.0 = Release|Any CPU
	EndGlobalSection
	GlobalSection(SolutionProperties) = preSolution
		HideSolutionNode = FALSE
	EndGlobalSection
	GlobalSection(ExtensibilityGlobals) = postSolution
		SolutionGuid = {E150EBBB-E517-4B70-BAAC-D6924F00B0A2}
	EndGlobalSection
EndGlobal
